PODS:
  - Flutter (1.0.0)
  - linkzly_flutter_sdk (0.1.0):
    - Flutter
    - LinkzlySDK (~> 1.0)
  - LinkzlySDK (1.0.4)

DEPENDENCIES:
  - Flutter (from `Flutter`)
  - linkzly_flutter_sdk (from `.symlinks/plugins/linkzly_flutter_sdk/ios`)
  - LinkzlySDK (from `https://github.com/linkzly/linkzly-ios-sdk.git`, tag `1.0.4`)

EXTERNAL SOURCES:
  Flutter:
    :path: Flutter
  linkzly_flutter_sdk:
    :path: ".symlinks/plugins/linkzly_flutter_sdk/ios"
  LinkzlySDK:
    :git: https://github.com/linkzly/linkzly-ios-sdk.git
    :tag: 1.0.4

CHECKOUT OPTIONS:
  LinkzlySDK:
    :git: https://github.com/linkzly/linkzly-ios-sdk.git
    :tag: 1.0.4

SPEC CHECKSUMS:
  Flutter: cabc95a1d2626b1b06e7179b784ebcf0c0cde467
  linkzly_flutter_sdk: 55fcd92daab1981ebe352aec6e41dc2d3905eb51
  LinkzlySDK: c891615594a725b8bf65970c56f0e91f639ab60a

PODFILE CHECKSUM: 9a631361a8c4885ba53e1024ffe2bc52507bf692

COCOAPODS: 1.16.2
